# THIS IS AN AUTOGENERATED FILE. DO NOT EDIT THIS FILE DIRECTLY.
# yarn lockfile v1


lodash@^4.17.4:
  version "4.17.15"
  resolved "https://registry.yarnpkg.com/lodash/-/lodash-4.17.15.tgz#b447f6670a0455bbfeedd11392eff330ea097548"
  integrity sha512-8xOcRHvCjnocdS5cpwXQXVzmmh5e5+saE2QGoeQmbKmRS6J3VQppPOIt0MnmE+4xlZoumy0GPG0D0MVIQbNA1A==

spearman-rho@^1.0.6:
  version "1.0.6"
  resolved "https://registry.yarnpkg.com/spearman-rho/-/spearman-rho-1.0.6.tgz#66e04cffa3a5cfc752bff7c1a795f6fa8909d3f6"
  integrity sha1-ZuBM/6Olz8dSv/fBp5X2+okJ0/Y=
  dependencies:
    lodash "^4.17.4"
